Microsoft Visual Studio Solution File, Format Version 11.00
# Visual Studio 2008

Project("{BC399B59-E311-DCCF-FA52-1542A6E9779E}") = "Shadowcast Prototype Project", "Assembly-CSharp-firstpass.csproj", "{471A4587-EB20-8DB4-0820-BBD675193CD6}"
EndProject
Project("{BC399B59-E311-DCCF-FA52-1542A6E9779E}") = "Shadowcast Prototype Project", "Assembly-CSharp.csproj", "{CE428083-CC34-6883-AEAA-446F7A93944A}"
EndProject
Project("{BC399B59-E311-DCCF-FA52-1542A6E9779E}") = "Shadowcast Prototype Project", "Assembly-CSharp-Editor.csproj", "{D78773D4-2501-5CE7-845F-116927FD5D92}"
EndProject
Global
	GlobalSection(SolutionConfigurationPlatforms) = preSolution
		Debug|Any CPU = Debug|Any CPU
		Release|Any CPU = Release|Any CPU
	EndGlobalSection
	GlobalSection(ProjectConfigurationPlatforms) = postSolution
		{471A4587-EB20-8DB4-0820-BBD675193CD6}.Debug|Any CPU.ActiveCfg = Debug|Any CPU
		{471A4587-EB20-8DB4-0820-BBD675193CD6}.Debug|Any CPU.Build.0 = Debug|Any CPU
		{471A4587-EB20-8DB4-0820-BBD675193CD6}.Release|Any CPU.ActiveCfg = Release|Any CPU
		{471A4587-EB20-8DB4-0820-BBD675193CD6}.Release|Any CPU.Build.0 = Release|Any CPU
		{CE428083-CC34-6883-AEAA-446F7A93944A}.Debug|Any CPU.ActiveCfg = Debug|Any CPU
		{CE428083-CC34-6883-AEAA-446F7A93944A}.Debug|Any CPU.Build.0 = Debug|Any CPU
		{CE428083-CC34-6883-AEAA-446F7A93944A}.Release|Any CPU.ActiveCfg = Release|Any CPU
		{CE428083-CC34-6883-AEAA-446F7A93944A}.Release|Any CPU.Build.0 = Release|Any CPU
		{D78773D4-2501-5CE7-845F-116927FD5D92}.Debug|Any CPU.ActiveCfg = Debug|Any CPU
		{D78773D4-2501-5CE7-845F-116927FD5D92}.Debug|Any CPU.Build.0 = Debug|Any CPU
		{D78773D4-2501-5CE7-845F-116927FD5D92}.Release|Any CPU.ActiveCfg = Release|Any CPU
		{D78773D4-2501-5CE7-845F-116927FD5D92}.Release|Any CPU.Build.0 = Release|Any CPU
	EndGlobalSection
	GlobalSection(SolutionProperties) = preSolution
		HideSolutionNode = FALSE
	EndGlobalSection
	GlobalSection(MonoDevelopProperties) = preSolution
		StartupItem = Assembly-CSharp.csproj
	EndGlobalSection
EndGlobal
